
Microsoft Visual Studio Solution File, Format Version 12.00
# Visual Studio Version 17
VisualStudioVersion = 17.5.33209.295
MinimumVisualStudioVersion = 10.0.40219.1
Project("{FAE04EC0-301F-11D3-BF4B-00C04F79EFBC}") = "GeoJSON data strings array", "GeoJSON data strings array\GeoJSON data strings array.csproj", "{B92ABE80-94BF-42C5-B205-25AC8E111812}"
EndProject
Global
	GlobalSection(SolutionConfigurationPlatforms) = preSolution
		Debug|Any CPU = Debug|Any CPU
		Release|Any CPU = Release|Any CPU
	EndGlobalSection
	GlobalSection(ProjectConfigurationPlatforms) = postSolution
		{B92ABE80-94BF-42C5-B205-25AC8E111812}.Debug|Any CPU.ActiveCfg = Debug|Any CPU
		{B92ABE80-94BF-42C5-B205-25AC8E111812}.Debug|Any CPU.Build.0 = Debug|Any CPU
		{B92ABE80-94BF-42C5-B205-25AC8E111812}.Release|Any CPU.ActiveCfg = Release|Any CPU
		{B92ABE80-94BF-42C5-B205-25AC8E111812}.Release|Any CPU.Build.0 = Release|Any CPU
	EndGlobalSection
	GlobalSection(SolutionProperties) = preSolution
		HideSolutionNode = FALSE
	EndGlobalSection
	GlobalSection(ExtensibilityGlobals) = postSolution
		SolutionGuid = {6708F09F-5DCE-4EDD-85DB-1CCB7D7A106E}
	EndGlobalSection
EndGlobal
