
Microsoft Visual Studio Solution File, Format Version 12.00
# Visual Studio Version 17
VisualStudioVersion = 17.7.34221.43
MinimumVisualStudioVersion = 10.0.40219.1
Project("{FAE04EC0-301F-11D3-BF4B-00C04F79EFBC}") = "RTM Appearance and custom attr", "RTM Appearance and custom attr\RTM Appearance and custom attr.csproj", "{94E5C28F-3A2F-4005-BDEF-A765A70AD90B}"
EndProject
Global
	GlobalSection(SolutionConfigurationPlatforms) = preSolution
		Debug|Any CPU = Debug|Any CPU
		Release|Any CPU = Release|Any CPU
	EndGlobalSection
	GlobalSection(ProjectConfigurationPlatforms) = postSolution
		{94E5C28F-3A2F-4005-BDEF-A765A70AD90B}.Debug|Any CPU.ActiveCfg = Debug|Any CPU
		{94E5C28F-3A2F-4005-BDEF-A765A70AD90B}.Debug|Any CPU.Build.0 = Debug|Any CPU
		{94E5C28F-3A2F-4005-BDEF-A765A70AD90B}.Release|Any CPU.ActiveCfg = Release|Any CPU
		{94E5C28F-3A2F-4005-BDEF-A765A70AD90B}.Release|Any CPU.Build.0 = Release|Any CPU
	EndGlobalSection
	GlobalSection(SolutionProperties) = preSolution
		HideSolutionNode = FALSE
	EndGlobalSection
	GlobalSection(ExtensibilityGlobals) = postSolution
		SolutionGuid = {C7BEA45F-9708-42F9-B9FB-1A6BC12CB252}
	EndGlobalSection
EndGlobal
