
Microsoft Visual Studio Solution File, Format Version 12.00
# Visual Studio Version 17
VisualStudioVersion = 17.10.34916.146
MinimumVisualStudioVersion = 10.0.40219.1
Project("{FAE04EC0-301F-11D3-BF4B-00C04F79EFBC}") = "RTM GeoJSON data object", "RTM GeoJSON data object\RTM GeoJSON data object.csproj", "{13EC28A9-6C55-423E-99A1-4AA720F4E3D3}"
EndProject
Global
	GlobalSection(SolutionConfigurationPlatforms) = preSolution
		Debug|Any CPU = Debug|Any CPU
		Release|Any CPU = Release|Any CPU
	EndGlobalSection
	GlobalSection(ProjectConfigurationPlatforms) = postSolution
		{13EC28A9-6C55-423E-99A1-4AA720F4E3D3}.Debug|Any CPU.ActiveCfg = Debug|Any CPU
		{13EC28A9-6C55-423E-99A1-4AA720F4E3D3}.Debug|Any CPU.Build.0 = Debug|Any CPU
		{13EC28A9-6C55-423E-99A1-4AA720F4E3D3}.Release|Any CPU.ActiveCfg = Release|Any CPU
		{13EC28A9-6C55-423E-99A1-4AA720F4E3D3}.Release|Any CPU.Build.0 = Release|Any CPU
	EndGlobalSection
	GlobalSection(SolutionProperties) = preSolution
		HideSolutionNode = FALSE
	EndGlobalSection
	GlobalSection(ExtensibilityGlobals) = postSolution
		SolutionGuid = {8043BD2B-A9E7-41A5-90DE-F07216331519}
	EndGlobalSection
EndGlobal
