
Microsoft Visual Studio Solution File, Format Version 12.00
# Visual Studio Version 17
VisualStudioVersion = 17.14.36511.14 d17.14
MinimumVisualStudioVersion = 10.0.40219.1
Project("{FAE04EC0-301F-11D3-BF4B-00C04F79EFBC}") = "RFC 7946 single Symbol", "RFC 7946 single Symbol\RFC 7946 single Symbol.csproj", "{8B2CF5BF-6DD3-4A17-8EEA-2438BF6E7A1B}"
EndProject
Global
	GlobalSection(SolutionConfigurationPlatforms) = preSolution
		Debug|Any CPU = Debug|Any CPU
		Release|Any CPU = Release|Any CPU
	EndGlobalSection
	GlobalSection(ProjectConfigurationPlatforms) = postSolution
		{8B2CF5BF-6DD3-4A17-8EEA-2438BF6E7A1B}.Debug|Any CPU.ActiveCfg = Debug|Any CPU
		{8B2CF5BF-6DD3-4A17-8EEA-2438BF6E7A1B}.Debug|Any CPU.Build.0 = Debug|Any CPU
		{8B2CF5BF-6DD3-4A17-8EEA-2438BF6E7A1B}.Release|Any CPU.ActiveCfg = Release|Any CPU
		{8B2CF5BF-6DD3-4A17-8EEA-2438BF6E7A1B}.Release|Any CPU.Build.0 = Release|Any CPU
	EndGlobalSection
	GlobalSection(SolutionProperties) = preSolution
		HideSolutionNode = FALSE
	EndGlobalSection
	GlobalSection(ExtensibilityGlobals) = postSolution
		SolutionGuid = {7B11F92A-11B5-4D68-9A84-D9854EE4B712}
	EndGlobalSection
EndGlobal
