
Microsoft Visual Studio Solution File, Format Version 12.00
# Visual Studio Version 17
VisualStudioVersion = 17.5.33209.295
MinimumVisualStudioVersion = 10.0.40219.1
Project("{FAE04EC0-301F-11D3-BF4B-00C04F79EFBC}") = "Esri Leaflet plugins Geocoding Search", "Esri Leaflet plugins Geocoding Search\Esri Leaflet plugins Geocoding Search.csproj", "{58E6E8CD-A3DE-43C5-AA4A-ECEEFADDB885}"
EndProject
Global
	GlobalSection(SolutionConfigurationPlatforms) = preSolution
		Debug|Any CPU = Debug|Any CPU
		Release|Any CPU = Release|Any CPU
	EndGlobalSection
	GlobalSection(ProjectConfigurationPlatforms) = postSolution
		{58E6E8CD-A3DE-43C5-AA4A-ECEEFADDB885}.Debug|Any CPU.ActiveCfg = Debug|Any CPU
		{58E6E8CD-A3DE-43C5-AA4A-ECEEFADDB885}.Debug|Any CPU.Build.0 = Debug|Any CPU
		{58E6E8CD-A3DE-43C5-AA4A-ECEEFADDB885}.Release|Any CPU.ActiveCfg = Release|Any CPU
		{58E6E8CD-A3DE-43C5-AA4A-ECEEFADDB885}.Release|Any CPU.Build.0 = Release|Any CPU
	EndGlobalSection
	GlobalSection(SolutionProperties) = preSolution
		HideSolutionNode = FALSE
	EndGlobalSection
	GlobalSection(ExtensibilityGlobals) = postSolution
		SolutionGuid = {35F05ADC-BE81-4A41-B010-55C0BC0112CC}
	EndGlobalSection
EndGlobal
