
Microsoft Visual Studio Solution File, Format Version 12.00
# Visual Studio Version 17
VisualStudioVersion = 17.14.36811.4 d17.14
MinimumVisualStudioVersion = 10.0.40219.1
Project("{FAE04EC0-301F-11D3-BF4B-00C04F79EFBC}") = "Legend", "Legend\Legend.csproj", "{626EAA41-9CEC-4203-90A0-ADEA327C6452}"
EndProject
Global
	GlobalSection(SolutionConfigurationPlatforms) = preSolution
		Debug|Any CPU = Debug|Any CPU
		Release|Any CPU = Release|Any CPU
	EndGlobalSection
	GlobalSection(ProjectConfigurationPlatforms) = postSolution
		{626EAA41-9CEC-4203-90A0-ADEA327C6452}.Debug|Any CPU.ActiveCfg = Debug|Any CPU
		{626EAA41-9CEC-4203-90A0-ADEA327C6452}.Debug|Any CPU.Build.0 = Debug|Any CPU
		{626EAA41-9CEC-4203-90A0-ADEA327C6452}.Release|Any CPU.ActiveCfg = Release|Any CPU
		{626EAA41-9CEC-4203-90A0-ADEA327C6452}.Release|Any CPU.Build.0 = Release|Any CPU
	EndGlobalSection
	GlobalSection(SolutionProperties) = preSolution
		HideSolutionNode = FALSE
	EndGlobalSection
	GlobalSection(ExtensibilityGlobals) = postSolution
		SolutionGuid = {2B1DC5D2-E8F3-401E-9EF3-81A203D50B8D}
	EndGlobalSection
EndGlobal
