
Microsoft Visual Studio Solution File, Format Version 12.00
# Visual Studio Version 17
VisualStudioVersion = 17.14.36811.4 d17.14
MinimumVisualStudioVersion = 10.0.40219.1
Project("{FAE04EC0-301F-11D3-BF4B-00C04F79EFBC}") = "LoadParameters", "LoadParameters\LoadParameters.csproj", "{DC3BD84F-517B-43E4-A60A-221114162504}"
EndProject
Global
	GlobalSection(SolutionConfigurationPlatforms) = preSolution
		Debug|Any CPU = Debug|Any CPU
		Release|Any CPU = Release|Any CPU
	EndGlobalSection
	GlobalSection(ProjectConfigurationPlatforms) = postSolution
		{DC3BD84F-517B-43E4-A60A-221114162504}.Debug|Any CPU.ActiveCfg = Debug|Any CPU
		{DC3BD84F-517B-43E4-A60A-221114162504}.Debug|Any CPU.Build.0 = Debug|Any CPU
		{DC3BD84F-517B-43E4-A60A-221114162504}.Release|Any CPU.ActiveCfg = Release|Any CPU
		{DC3BD84F-517B-43E4-A60A-221114162504}.Release|Any CPU.Build.0 = Release|Any CPU
	EndGlobalSection
	GlobalSection(SolutionProperties) = preSolution
		HideSolutionNode = FALSE
	EndGlobalSection
	GlobalSection(ExtensibilityGlobals) = postSolution
		SolutionGuid = {E2577EC8-05BD-46C9-8B1B-8301B38F77CE}
	EndGlobalSection
EndGlobal
