
Microsoft Visual Studio Solution File, Format Version 12.00
# Visual Studio Version 17
VisualStudioVersion = 17.14.36811.4 d17.14
MinimumVisualStudioVersion = 10.0.40219.1
Project("{FAE04EC0-301F-11D3-BF4B-00C04F79EFBC}") = "Add", "Add\Add.csproj", "{331EA7A3-EFFB-407C-A190-887AE15A4EC7}"
EndProject
Global
	GlobalSection(SolutionConfigurationPlatforms) = preSolution
		Debug|Any CPU = Debug|Any CPU
		Release|Any CPU = Release|Any CPU
	EndGlobalSection
	GlobalSection(ProjectConfigurationPlatforms) = postSolution
		{331EA7A3-EFFB-407C-A190-887AE15A4EC7}.Debug|Any CPU.ActiveCfg = Debug|Any CPU
		{331EA7A3-EFFB-407C-A190-887AE15A4EC7}.Debug|Any CPU.Build.0 = Debug|Any CPU
		{331EA7A3-EFFB-407C-A190-887AE15A4EC7}.Release|Any CPU.ActiveCfg = Release|Any CPU
		{331EA7A3-EFFB-407C-A190-887AE15A4EC7}.Release|Any CPU.Build.0 = Release|Any CPU
	EndGlobalSection
	GlobalSection(SolutionProperties) = preSolution
		HideSolutionNode = FALSE
	EndGlobalSection
	GlobalSection(ExtensibilityGlobals) = postSolution
		SolutionGuid = {ED9C158F-1BE9-4DA0-98A9-036DFC10E321}
	EndGlobalSection
EndGlobal
