
Microsoft Visual Studio Solution File, Format Version 12.00
# Visual Studio Version 17
VisualStudioVersion = 17.10.34916.146
MinimumVisualStudioVersion = 10.0.40219.1
Project("{FAE04EC0-301F-11D3-BF4B-00C04F79EFBC}") = "changeAppearanceOnZoom", "changeAppearanceOnZoom\changeAppearanceOnZoom.csproj", "{8A4488F9-7C19-42FC-9905-EDE1297BB3B6}"
EndProject
Global
	GlobalSection(SolutionConfigurationPlatforms) = preSolution
		Debug|Any CPU = Debug|Any CPU
		Release|Any CPU = Release|Any CPU
	EndGlobalSection
	GlobalSection(ProjectConfigurationPlatforms) = postSolution
		{8A4488F9-7C19-42FC-9905-EDE1297BB3B6}.Debug|Any CPU.ActiveCfg = Debug|Any CPU
		{8A4488F9-7C19-42FC-9905-EDE1297BB3B6}.Debug|Any CPU.Build.0 = Debug|Any CPU
		{8A4488F9-7C19-42FC-9905-EDE1297BB3B6}.Release|Any CPU.ActiveCfg = Release|Any CPU
		{8A4488F9-7C19-42FC-9905-EDE1297BB3B6}.Release|Any CPU.Build.0 = Release|Any CPU
	EndGlobalSection
	GlobalSection(SolutionProperties) = preSolution
		HideSolutionNode = FALSE
	EndGlobalSection
	GlobalSection(ExtensibilityGlobals) = postSolution
		SolutionGuid = {6C423106-41D8-4908-9075-A0946931B2ED}
	EndGlobalSection
EndGlobal
