
Microsoft Visual Studio Solution File, Format Version 12.00
# Visual Studio Version 17
VisualStudioVersion = 17.14.36811.4 d17.14
MinimumVisualStudioVersion = 10.0.40219.1
Project("{FAE04EC0-301F-11D3-BF4B-00C04F79EFBC}") = "Leaflet.Fullscreen", "Leaflet.Fullscreen\Leaflet.Fullscreen.csproj", "{6FD403E8-6428-4AEF-9CDD-B282264C5A5F}"
EndProject
Global
	GlobalSection(SolutionConfigurationPlatforms) = preSolution
		Debug|Any CPU = Debug|Any CPU
		Release|Any CPU = Release|Any CPU
	EndGlobalSection
	GlobalSection(ProjectConfigurationPlatforms) = postSolution
		{6FD403E8-6428-4AEF-9CDD-B282264C5A5F}.Debug|Any CPU.ActiveCfg = Debug|Any CPU
		{6FD403E8-6428-4AEF-9CDD-B282264C5A5F}.Debug|Any CPU.Build.0 = Debug|Any CPU
		{6FD403E8-6428-4AEF-9CDD-B282264C5A5F}.Release|Any CPU.ActiveCfg = Release|Any CPU
		{6FD403E8-6428-4AEF-9CDD-B282264C5A5F}.Release|Any CPU.Build.0 = Release|Any CPU
	EndGlobalSection
	GlobalSection(SolutionProperties) = preSolution
		HideSolutionNode = FALSE
	EndGlobalSection
	GlobalSection(ExtensibilityGlobals) = postSolution
		SolutionGuid = {845772BF-C1FA-4FB0-A0A2-4F56557DF488}
	EndGlobalSection
EndGlobal
