
Microsoft Visual Studio Solution File, Format Version 12.00
# Visual Studio Version 17
VisualStudioVersion = 17.14.36811.4 d17.14
MinimumVisualStudioVersion = 10.0.40219.1
Project("{FAE04EC0-301F-11D3-BF4B-00C04F79EFBC}") = "QuarterGaugeScalePercent Style", "QuarterGaugeScalePercent Style\QuarterGaugeScalePercent Style.csproj", "{D18EE9E6-72AF-499E-B95C-25E3D9719390}"
EndProject
Global
	GlobalSection(SolutionConfigurationPlatforms) = preSolution
		Debug|Any CPU = Debug|Any CPU
		Release|Any CPU = Release|Any CPU
	EndGlobalSection
	GlobalSection(ProjectConfigurationPlatforms) = postSolution
		{D18EE9E6-72AF-499E-B95C-25E3D9719390}.Debug|Any CPU.ActiveCfg = Debug|Any CPU
		{D18EE9E6-72AF-499E-B95C-25E3D9719390}.Debug|Any CPU.Build.0 = Debug|Any CPU
		{D18EE9E6-72AF-499E-B95C-25E3D9719390}.Release|Any CPU.ActiveCfg = Release|Any CPU
		{D18EE9E6-72AF-499E-B95C-25E3D9719390}.Release|Any CPU.Build.0 = Release|Any CPU
	EndGlobalSection
	GlobalSection(SolutionProperties) = preSolution
		HideSolutionNode = FALSE
	EndGlobalSection
	GlobalSection(ExtensibilityGlobals) = postSolution
		SolutionGuid = {3375B942-1873-4E32-9540-9FA86F02ABF3}
	EndGlobalSection
EndGlobal
