
Microsoft Visual Studio Solution File, Format Version 12.00
# Visual Studio Version 17
VisualStudioVersion = 17.14.36811.4 d17.14
MinimumVisualStudioVersion = 10.0.40219.1
Project("{FAE04EC0-301F-11D3-BF4B-00C04F79EFBC}") = "GeoJSON", "GeoJSON\GeoJSON.csproj", "{4CC4ECD7-A6A3-421D-B52C-0C4C289C73F3}"
EndProject
Global
	GlobalSection(SolutionConfigurationPlatforms) = preSolution
		Debug|Any CPU = Debug|Any CPU
		Release|Any CPU = Release|Any CPU
	EndGlobalSection
	GlobalSection(ProjectConfigurationPlatforms) = postSolution
		{4CC4ECD7-A6A3-421D-B52C-0C4C289C73F3}.Debug|Any CPU.ActiveCfg = Debug|Any CPU
		{4CC4ECD7-A6A3-421D-B52C-0C4C289C73F3}.Debug|Any CPU.Build.0 = Debug|Any CPU
		{4CC4ECD7-A6A3-421D-B52C-0C4C289C73F3}.Release|Any CPU.ActiveCfg = Release|Any CPU
		{4CC4ECD7-A6A3-421D-B52C-0C4C289C73F3}.Release|Any CPU.Build.0 = Release|Any CPU
	EndGlobalSection
	GlobalSection(SolutionProperties) = preSolution
		HideSolutionNode = FALSE
	EndGlobalSection
	GlobalSection(ExtensibilityGlobals) = postSolution
		SolutionGuid = {1B4DF641-1651-4CB8-A549-8A5CE0B14D6D}
	EndGlobalSection
EndGlobal
