
Microsoft Visual Studio Solution File, Format Version 12.00
# Visual Studio Version 17
VisualStudioVersion = 17.10.34916.146
MinimumVisualStudioVersion = 10.0.40219.1
Project("{FAE04EC0-301F-11D3-BF4B-00C04F79EFBC}") = "update", "update\update.csproj", "{3ED248E8-7800-4B86-9833-FFD8F5240507}"
EndProject
Global
	GlobalSection(SolutionConfigurationPlatforms) = preSolution
		Debug|Any CPU = Debug|Any CPU
		Release|Any CPU = Release|Any CPU
	EndGlobalSection
	GlobalSection(ProjectConfigurationPlatforms) = postSolution
		{3ED248E8-7800-4B86-9833-FFD8F5240507}.Debug|Any CPU.ActiveCfg = Debug|Any CPU
		{3ED248E8-7800-4B86-9833-FFD8F5240507}.Debug|Any CPU.Build.0 = Debug|Any CPU
		{3ED248E8-7800-4B86-9833-FFD8F5240507}.Release|Any CPU.ActiveCfg = Release|Any CPU
		{3ED248E8-7800-4B86-9833-FFD8F5240507}.Release|Any CPU.Build.0 = Release|Any CPU
	EndGlobalSection
	GlobalSection(SolutionProperties) = preSolution
		HideSolutionNode = FALSE
	EndGlobalSection
	GlobalSection(ExtensibilityGlobals) = postSolution
		SolutionGuid = {437176A1-8DED-4FCF-91FC-848EB2B8B5B7}
	EndGlobalSection
EndGlobal
