
Microsoft Visual Studio Solution File, Format Version 12.00
# Visual Studio Version 17
VisualStudioVersion = 17.10.34916.146
MinimumVisualStudioVersion = 10.0.40219.1
Project("{FAE04EC0-301F-11D3-BF4B-00C04F79EFBC}") = "ZoomLevel Visibility", "ZoomLevel Visibility\ZoomLevel Visibility.csproj", "{BC5F5112-B373-49B6-A3E6-1CCBB30CAB65}"
EndProject
Global
	GlobalSection(SolutionConfigurationPlatforms) = preSolution
		Debug|Any CPU = Debug|Any CPU
		Release|Any CPU = Release|Any CPU
	EndGlobalSection
	GlobalSection(ProjectConfigurationPlatforms) = postSolution
		{BC5F5112-B373-49B6-A3E6-1CCBB30CAB65}.Debug|Any CPU.ActiveCfg = Debug|Any CPU
		{BC5F5112-B373-49B6-A3E6-1CCBB30CAB65}.Debug|Any CPU.Build.0 = Debug|Any CPU
		{BC5F5112-B373-49B6-A3E6-1CCBB30CAB65}.Release|Any CPU.ActiveCfg = Release|Any CPU
		{BC5F5112-B373-49B6-A3E6-1CCBB30CAB65}.Release|Any CPU.Build.0 = Release|Any CPU
	EndGlobalSection
	GlobalSection(SolutionProperties) = preSolution
		HideSolutionNode = FALSE
	EndGlobalSection
	GlobalSection(ExtensibilityGlobals) = postSolution
		SolutionGuid = {90866E56-894B-4A64-BE20-FE0D7A1DBA2C}
	EndGlobalSection
EndGlobal
