
Microsoft Visual Studio Solution File, Format Version 12.00
# Visual Studio Version 17
VisualStudioVersion = 17.7.34221.43
MinimumVisualStudioVersion = 10.0.40219.1
Project("{FAE04EC0-301F-11D3-BF4B-00C04F79EFBC}") = "RTM AppearanceOnType", "RTM AppearanceOnType\RTM AppearanceOnType.csproj", "{4DEF05A0-96D6-43DC-A433-5CA83176A3EB}"
EndProject
Global
	GlobalSection(SolutionConfigurationPlatforms) = preSolution
		Debug|Any CPU = Debug|Any CPU
		Release|Any CPU = Release|Any CPU
	EndGlobalSection
	GlobalSection(ProjectConfigurationPlatforms) = postSolution
		{4DEF05A0-96D6-43DC-A433-5CA83176A3EB}.Debug|Any CPU.ActiveCfg = Debug|Any CPU
		{4DEF05A0-96D6-43DC-A433-5CA83176A3EB}.Debug|Any CPU.Build.0 = Debug|Any CPU
		{4DEF05A0-96D6-43DC-A433-5CA83176A3EB}.Release|Any CPU.ActiveCfg = Release|Any CPU
		{4DEF05A0-96D6-43DC-A433-5CA83176A3EB}.Release|Any CPU.Build.0 = Release|Any CPU
	EndGlobalSection
	GlobalSection(SolutionProperties) = preSolution
		HideSolutionNode = FALSE
	EndGlobalSection
	GlobalSection(ExtensibilityGlobals) = postSolution
		SolutionGuid = {6646DDBB-4697-4795-9100-575A4A41B804}
	EndGlobalSection
EndGlobal
