
Microsoft Visual Studio Solution File, Format Version 12.00
# Visual Studio Version 17
VisualStudioVersion = 17.14.36811.4 d17.14
MinimumVisualStudioVersion = 10.0.40219.1
Project("{FAE04EC0-301F-11D3-BF4B-00C04F79EFBC}") = "QuarterGaugeScalePercent", "QuarterGaugeScalePercent\QuarterGaugeScalePercent.csproj", "{8F48B819-D66A-4188-8F2A-FEE46A5F2B06}"
EndProject
Global
	GlobalSection(SolutionConfigurationPlatforms) = preSolution
		Debug|Any CPU = Debug|Any CPU
		Release|Any CPU = Release|Any CPU
	EndGlobalSection
	GlobalSection(ProjectConfigurationPlatforms) = postSolution
		{8F48B819-D66A-4188-8F2A-FEE46A5F2B06}.Debug|Any CPU.ActiveCfg = Debug|Any CPU
		{8F48B819-D66A-4188-8F2A-FEE46A5F2B06}.Debug|Any CPU.Build.0 = Debug|Any CPU
		{8F48B819-D66A-4188-8F2A-FEE46A5F2B06}.Release|Any CPU.ActiveCfg = Release|Any CPU
		{8F48B819-D66A-4188-8F2A-FEE46A5F2B06}.Release|Any CPU.Build.0 = Release|Any CPU
	EndGlobalSection
	GlobalSection(SolutionProperties) = preSolution
		HideSolutionNode = FALSE
	EndGlobalSection
	GlobalSection(ExtensibilityGlobals) = postSolution
		SolutionGuid = {727FE651-A523-4805-9EBE-6FDBB5B62D7D}
	EndGlobalSection
EndGlobal
