
Microsoft Visual Studio Solution File, Format Version 12.00
# Visual Studio Version 17
VisualStudioVersion = 17.14.36511.14 d17.14
MinimumVisualStudioVersion = 10.0.40219.1
Project("{FAE04EC0-301F-11D3-BF4B-00C04F79EFBC}") = "tooltipsAndPointIcon", "tooltipsAndPointIcon\tooltipsAndPointIcon.csproj", "{80659DFE-F125-451B-89D4-27BEF4BCA063}"
EndProject
Global
	GlobalSection(SolutionConfigurationPlatforms) = preSolution
		Debug|Any CPU = Debug|Any CPU
		Release|Any CPU = Release|Any CPU
	EndGlobalSection
	GlobalSection(ProjectConfigurationPlatforms) = postSolution
		{80659DFE-F125-451B-89D4-27BEF4BCA063}.Debug|Any CPU.ActiveCfg = Debug|Any CPU
		{80659DFE-F125-451B-89D4-27BEF4BCA063}.Debug|Any CPU.Build.0 = Debug|Any CPU
		{80659DFE-F125-451B-89D4-27BEF4BCA063}.Release|Any CPU.ActiveCfg = Release|Any CPU
		{80659DFE-F125-451B-89D4-27BEF4BCA063}.Release|Any CPU.Build.0 = Release|Any CPU
	EndGlobalSection
	GlobalSection(SolutionProperties) = preSolution
		HideSolutionNode = FALSE
	EndGlobalSection
	GlobalSection(ExtensibilityGlobals) = postSolution
		SolutionGuid = {83D09E07-738C-45BD-976B-532FD3302339}
	EndGlobalSection
EndGlobal
