
Microsoft Visual Studio Solution File, Format Version 12.00
# Visual Studio Version 17
VisualStudioVersion = 17.5.33209.295
MinimumVisualStudioVersion = 10.0.40219.1
Project("{FAE04EC0-301F-11D3-BF4B-00C04F79EFBC}") = "LeafletForBlazor NuGet and JSON file", "LeafletForBlazor NuGet and JSON file\LeafletForBlazor NuGet and JSON file.csproj", "{6782A1DF-AB33-4FE8-A5FB-35F1EAAB6435}"
EndProject
Global
	GlobalSection(SolutionConfigurationPlatforms) = preSolution
		Debug|Any CPU = Debug|Any CPU
		Release|Any CPU = Release|Any CPU
	EndGlobalSection
	GlobalSection(ProjectConfigurationPlatforms) = postSolution
		{6782A1DF-AB33-4FE8-A5FB-35F1EAAB6435}.Debug|Any CPU.ActiveCfg = Debug|Any CPU
		{6782A1DF-AB33-4FE8-A5FB-35F1EAAB6435}.Debug|Any CPU.Build.0 = Debug|Any CPU
		{6782A1DF-AB33-4FE8-A5FB-35F1EAAB6435}.Release|Any CPU.ActiveCfg = Release|Any CPU
		{6782A1DF-AB33-4FE8-A5FB-35F1EAAB6435}.Release|Any CPU.Build.0 = Release|Any CPU
	EndGlobalSection
	GlobalSection(SolutionProperties) = preSolution
		HideSolutionNode = FALSE
	EndGlobalSection
	GlobalSection(ExtensibilityGlobals) = postSolution
		SolutionGuid = {D1C0EFE7-4341-4386-BCD6-A81E6D57D1A3}
	EndGlobalSection
EndGlobal
