
Microsoft Visual Studio Solution File, Format Version 12.00
# Visual Studio Version 17
VisualStudioVersion = 17.14.36511.14 d17.14
MinimumVisualStudioVersion = 10.0.40219.1
Project("{FAE04EC0-301F-11D3-BF4B-00C04F79EFBC}") = "GaugeChartPoint", "GaugeChartPoint\GaugeChartPoint.csproj", "{78F84812-CCA6-451C-9D21-31A2C6E3F924}"
EndProject
Global
	GlobalSection(SolutionConfigurationPlatforms) = preSolution
		Debug|Any CPU = Debug|Any CPU
		Release|Any CPU = Release|Any CPU
	EndGlobalSection
	GlobalSection(ProjectConfigurationPlatforms) = postSolution
		{78F84812-CCA6-451C-9D21-31A2C6E3F924}.Debug|Any CPU.ActiveCfg = Debug|Any CPU
		{78F84812-CCA6-451C-9D21-31A2C6E3F924}.Debug|Any CPU.Build.0 = Debug|Any CPU
		{78F84812-CCA6-451C-9D21-31A2C6E3F924}.Release|Any CPU.ActiveCfg = Release|Any CPU
		{78F84812-CCA6-451C-9D21-31A2C6E3F924}.Release|Any CPU.Build.0 = Release|Any CPU
	EndGlobalSection
	GlobalSection(SolutionProperties) = preSolution
		HideSolutionNode = FALSE
	EndGlobalSection
	GlobalSection(ExtensibilityGlobals) = postSolution
		SolutionGuid = {8A812FFA-A4B7-4148-94AB-87BD6EAE8F24}
	EndGlobalSection
EndGlobal
