
Microsoft Visual Studio Solution File, Format Version 12.00
# Visual Studio Version 17
VisualStudioVersion = 17.14.36811.4 d17.14
MinimumVisualStudioVersion = 10.0.40219.1
Project("{FAE04EC0-301F-11D3-BF4B-00C04F79EFBC}") = "QuarterGaugeScalePercent - Both", "QuarterGaugeScalePercent - Both\QuarterGaugeScalePercent - Both.csproj", "{81F6A092-7228-467D-96A0-E285EAFC5205}"
EndProject
Global
	GlobalSection(SolutionConfigurationPlatforms) = preSolution
		Debug|Any CPU = Debug|Any CPU
		Release|Any CPU = Release|Any CPU
	EndGlobalSection
	GlobalSection(ProjectConfigurationPlatforms) = postSolution
		{81F6A092-7228-467D-96A0-E285EAFC5205}.Debug|Any CPU.ActiveCfg = Debug|Any CPU
		{81F6A092-7228-467D-96A0-E285EAFC5205}.Debug|Any CPU.Build.0 = Debug|Any CPU
		{81F6A092-7228-467D-96A0-E285EAFC5205}.Release|Any CPU.ActiveCfg = Release|Any CPU
		{81F6A092-7228-467D-96A0-E285EAFC5205}.Release|Any CPU.Build.0 = Release|Any CPU
	EndGlobalSection
	GlobalSection(SolutionProperties) = preSolution
		HideSolutionNode = FALSE
	EndGlobalSection
	GlobalSection(ExtensibilityGlobals) = postSolution
		SolutionGuid = {0142FA0C-2E6F-4055-B8F7-19F4BFD75F5F}
	EndGlobalSection
EndGlobal
