
Microsoft Visual Studio Solution File, Format Version 12.00
# Visual Studio Version 17
VisualStudioVersion = 17.14.36511.14 d17.14
MinimumVisualStudioVersion = 10.0.40219.1
Project("{FAE04EC0-301F-11D3-BF4B-00C04F79EFBC}") = "Remove Tooltips", "Remove Tooltips\Remove Tooltips.csproj", "{0DA4AB48-C9A4-4A7F-A052-D3348A97CC18}"
EndProject
Global
	GlobalSection(SolutionConfigurationPlatforms) = preSolution
		Debug|Any CPU = Debug|Any CPU
		Release|Any CPU = Release|Any CPU
	EndGlobalSection
	GlobalSection(ProjectConfigurationPlatforms) = postSolution
		{0DA4AB48-C9A4-4A7F-A052-D3348A97CC18}.Debug|Any CPU.ActiveCfg = Debug|Any CPU
		{0DA4AB48-C9A4-4A7F-A052-D3348A97CC18}.Debug|Any CPU.Build.0 = Debug|Any CPU
		{0DA4AB48-C9A4-4A7F-A052-D3348A97CC18}.Release|Any CPU.ActiveCfg = Release|Any CPU
		{0DA4AB48-C9A4-4A7F-A052-D3348A97CC18}.Release|Any CPU.Build.0 = Release|Any CPU
	EndGlobalSection
	GlobalSection(SolutionProperties) = preSolution
		HideSolutionNode = FALSE
	EndGlobalSection
	GlobalSection(ExtensibilityGlobals) = postSolution
		SolutionGuid = {4EB12CB8-5091-4F28-AA92-F181BB1026D7}
	EndGlobalSection
EndGlobal
