
Microsoft Visual Studio Solution File, Format Version 12.00
# Visual Studio Version 17
VisualStudioVersion = 17.14.36811.4 d17.14
MinimumVisualStudioVersion = 10.0.40219.1
Project("{FAE04EC0-301F-11D3-BF4B-00C04F79EFBC}") = "GeoJSON", "GeoJSON\GeoJSON.csproj", "{09BCBA0A-A178-4674-B352-168FF75176A9}"
EndProject
Global
	GlobalSection(SolutionConfigurationPlatforms) = preSolution
		Debug|Any CPU = Debug|Any CPU
		Release|Any CPU = Release|Any CPU
	EndGlobalSection
	GlobalSection(ProjectConfigurationPlatforms) = postSolution
		{09BCBA0A-A178-4674-B352-168FF75176A9}.Debug|Any CPU.ActiveCfg = Debug|Any CPU
		{09BCBA0A-A178-4674-B352-168FF75176A9}.Debug|Any CPU.Build.0 = Debug|Any CPU
		{09BCBA0A-A178-4674-B352-168FF75176A9}.Release|Any CPU.ActiveCfg = Release|Any CPU
		{09BCBA0A-A178-4674-B352-168FF75176A9}.Release|Any CPU.Build.0 = Release|Any CPU
	EndGlobalSection
	GlobalSection(SolutionProperties) = preSolution
		HideSolutionNode = FALSE
	EndGlobalSection
	GlobalSection(ExtensibilityGlobals) = postSolution
		SolutionGuid = {07E6B2FF-AE6F-4731-9E32-73C4460CE1A5}
	EndGlobalSection
EndGlobal
