
Microsoft Visual Studio Solution File, Format Version 12.00
# Visual Studio Version 17
VisualStudioVersion = 17.14.36811.4 d17.14
MinimumVisualStudioVersion = 10.0.40219.1
Project("{FAE04EC0-301F-11D3-BF4B-00C04F79EFBC}") = "SwitchIcons", "SwitchIcons\SwitchIcons.csproj", "{9B51844F-CB62-4724-9DC0-CD3079EC5AB9}"
EndProject
Global
	GlobalSection(SolutionConfigurationPlatforms) = preSolution
		Debug|Any CPU = Debug|Any CPU
		Release|Any CPU = Release|Any CPU
	EndGlobalSection
	GlobalSection(ProjectConfigurationPlatforms) = postSolution
		{9B51844F-CB62-4724-9DC0-CD3079EC5AB9}.Debug|Any CPU.ActiveCfg = Debug|Any CPU
		{9B51844F-CB62-4724-9DC0-CD3079EC5AB9}.Debug|Any CPU.Build.0 = Debug|Any CPU
		{9B51844F-CB62-4724-9DC0-CD3079EC5AB9}.Release|Any CPU.ActiveCfg = Release|Any CPU
		{9B51844F-CB62-4724-9DC0-CD3079EC5AB9}.Release|Any CPU.Build.0 = Release|Any CPU
	EndGlobalSection
	GlobalSection(SolutionProperties) = preSolution
		HideSolutionNode = FALSE
	EndGlobalSection
	GlobalSection(ExtensibilityGlobals) = postSolution
		SolutionGuid = {E4E7B8DD-C491-439E-ADBD-9193602D2F15}
	EndGlobalSection
EndGlobal
