
Microsoft Visual Studio Solution File, Format Version 12.00
# Visual Studio Version 17
VisualStudioVersion = 17.14.36811.4 d17.14
MinimumVisualStudioVersion = 10.0.40219.1
Project("{FAE04EC0-301F-11D3-BF4B-00C04F79EFBC}") = "Combined GaugeChart", "Combined GaugeChart\Combined GaugeChart.csproj", "{DF5CD8DF-2B89-4F37-80B6-050D7739D018}"
EndProject
Global
	GlobalSection(SolutionConfigurationPlatforms) = preSolution
		Debug|Any CPU = Debug|Any CPU
		Release|Any CPU = Release|Any CPU
	EndGlobalSection
	GlobalSection(ProjectConfigurationPlatforms) = postSolution
		{DF5CD8DF-2B89-4F37-80B6-050D7739D018}.Debug|Any CPU.ActiveCfg = Debug|Any CPU
		{DF5CD8DF-2B89-4F37-80B6-050D7739D018}.Debug|Any CPU.Build.0 = Debug|Any CPU
		{DF5CD8DF-2B89-4F37-80B6-050D7739D018}.Release|Any CPU.ActiveCfg = Release|Any CPU
		{DF5CD8DF-2B89-4F37-80B6-050D7739D018}.Release|Any CPU.Build.0 = Release|Any CPU
	EndGlobalSection
	GlobalSection(SolutionProperties) = preSolution
		HideSolutionNode = FALSE
	EndGlobalSection
	GlobalSection(ExtensibilityGlobals) = postSolution
		SolutionGuid = {909E8685-1CF7-483D-AC5B-504644750DAE}
	EndGlobalSection
EndGlobal
