
Microsoft Visual Studio Solution File, Format Version 12.00
# Visual Studio Version 17
VisualStudioVersion = 17.14.36511.14 d17.14
MinimumVisualStudioVersion = 10.0.40219.1
Project("{FAE04EC0-301F-11D3-BF4B-00C04F79EFBC}") = "DonutChartPoint", "DonutChartPoint\DonutChartPoint.csproj", "{2CE29BDE-ED1E-4A1A-AF9A-BB448E195428}"
EndProject
Global
	GlobalSection(SolutionConfigurationPlatforms) = preSolution
		Debug|Any CPU = Debug|Any CPU
		Release|Any CPU = Release|Any CPU
	EndGlobalSection
	GlobalSection(ProjectConfigurationPlatforms) = postSolution
		{2CE29BDE-ED1E-4A1A-AF9A-BB448E195428}.Debug|Any CPU.ActiveCfg = Debug|Any CPU
		{2CE29BDE-ED1E-4A1A-AF9A-BB448E195428}.Debug|Any CPU.Build.0 = Debug|Any CPU
		{2CE29BDE-ED1E-4A1A-AF9A-BB448E195428}.Release|Any CPU.ActiveCfg = Release|Any CPU
		{2CE29BDE-ED1E-4A1A-AF9A-BB448E195428}.Release|Any CPU.Build.0 = Release|Any CPU
	EndGlobalSection
	GlobalSection(SolutionProperties) = preSolution
		HideSolutionNode = FALSE
	EndGlobalSection
	GlobalSection(ExtensibilityGlobals) = postSolution
		SolutionGuid = {650EB9AC-0BE2-4442-9A24-61817E130C86}
	EndGlobalSection
EndGlobal
