
Microsoft Visual Studio Solution File, Format Version 12.00
# Visual Studio Version 17
VisualStudioVersion = 17.14.36811.4 d17.14
MinimumVisualStudioVersion = 10.0.40219.1
Project("{FAE04EC0-301F-11D3-BF4B-00C04F79EFBC}") = "SigmaDroneInteractive", "SigmaDroneInteractive\SigmaDroneInteractive.csproj", "{F61114B5-25FC-430A-8BB1-94F2D9F83925}"
EndProject
Global
	GlobalSection(SolutionConfigurationPlatforms) = preSolution
		Debug|Any CPU = Debug|Any CPU
		Release|Any CPU = Release|Any CPU
	EndGlobalSection
	GlobalSection(ProjectConfigurationPlatforms) = postSolution
		{F61114B5-25FC-430A-8BB1-94F2D9F83925}.Debug|Any CPU.ActiveCfg = Debug|Any CPU
		{F61114B5-25FC-430A-8BB1-94F2D9F83925}.Debug|Any CPU.Build.0 = Debug|Any CPU
		{F61114B5-25FC-430A-8BB1-94F2D9F83925}.Release|Any CPU.ActiveCfg = Release|Any CPU
		{F61114B5-25FC-430A-8BB1-94F2D9F83925}.Release|Any CPU.Build.0 = Release|Any CPU
	EndGlobalSection
	GlobalSection(SolutionProperties) = preSolution
		HideSolutionNode = FALSE
	EndGlobalSection
	GlobalSection(ExtensibilityGlobals) = postSolution
		SolutionGuid = {491CBDE7-7F62-4D9F-8103-67756A50324F}
	EndGlobalSection
EndGlobal
