
Microsoft Visual Studio Solution File, Format Version 12.00
# Visual Studio Version 17
VisualStudioVersion = 17.14.36511.14 d17.14
MinimumVisualStudioVersion = 10.0.40219.1
Project("{FAE04EC0-301F-11D3-BF4B-00C04F79EFBC}") = "Tooltips & hierarchical attributes", "Tooltips & hierarchical attributes\Tooltips & hierarchical attributes.csproj", "{5880926D-0465-41DC-B23A-60C17171405E}"
EndProject
Global
	GlobalSection(SolutionConfigurationPlatforms) = preSolution
		Debug|Any CPU = Debug|Any CPU
		Release|Any CPU = Release|Any CPU
	EndGlobalSection
	GlobalSection(ProjectConfigurationPlatforms) = postSolution
		{5880926D-0465-41DC-B23A-60C17171405E}.Debug|Any CPU.ActiveCfg = Debug|Any CPU
		{5880926D-0465-41DC-B23A-60C17171405E}.Debug|Any CPU.Build.0 = Debug|Any CPU
		{5880926D-0465-41DC-B23A-60C17171405E}.Release|Any CPU.ActiveCfg = Release|Any CPU
		{5880926D-0465-41DC-B23A-60C17171405E}.Release|Any CPU.Build.0 = Release|Any CPU
	EndGlobalSection
	GlobalSection(SolutionProperties) = preSolution
		HideSolutionNode = FALSE
	EndGlobalSection
	GlobalSection(ExtensibilityGlobals) = postSolution
		SolutionGuid = {C42189E4-29EB-446A-A54C-E568BFD5CD4B}
	EndGlobalSection
EndGlobal
