
Microsoft Visual Studio Solution File, Format Version 12.00
# Visual Studio Version 17
VisualStudioVersion = 17.14.36811.4 d17.14
MinimumVisualStudioVersion = 10.0.40219.1
Project("{FAE04EC0-301F-11D3-BF4B-00C04F79EFBC}") = "SigmaDroneChart", "SigmaDroneChart\SigmaDroneChart.csproj", "{72378C04-0762-4147-9493-A770E0A2C98D}"
EndProject
Global
	GlobalSection(SolutionConfigurationPlatforms) = preSolution
		Debug|Any CPU = Debug|Any CPU
		Release|Any CPU = Release|Any CPU
	EndGlobalSection
	GlobalSection(ProjectConfigurationPlatforms) = postSolution
		{72378C04-0762-4147-9493-A770E0A2C98D}.Debug|Any CPU.ActiveCfg = Debug|Any CPU
		{72378C04-0762-4147-9493-A770E0A2C98D}.Debug|Any CPU.Build.0 = Debug|Any CPU
		{72378C04-0762-4147-9493-A770E0A2C98D}.Release|Any CPU.ActiveCfg = Release|Any CPU
		{72378C04-0762-4147-9493-A770E0A2C98D}.Release|Any CPU.Build.0 = Release|Any CPU
	EndGlobalSection
	GlobalSection(SolutionProperties) = preSolution
		HideSolutionNode = FALSE
	EndGlobalSection
	GlobalSection(ExtensibilityGlobals) = postSolution
		SolutionGuid = {82A54036-C8ED-41FC-9E14-7CFE56EEA4B0}
	EndGlobalSection
EndGlobal
