
Microsoft Visual Studio Solution File, Format Version 12.00
# Visual Studio Version 17
VisualStudioVersion = 17.14.36511.14 d17.14
MinimumVisualStudioVersion = 10.0.40219.1
Project("{FAE04EC0-301F-11D3-BF4B-00C04F79EFBC}") = "RFC 7946 Tooltips", "RFC 7946 Tooltips\RFC 7946 Tooltips.csproj", "{3C65400D-C28D-462E-BD71-53F80500175E}"
EndProject
Global
	GlobalSection(SolutionConfigurationPlatforms) = preSolution
		Debug|Any CPU = Debug|Any CPU
		Release|Any CPU = Release|Any CPU
	EndGlobalSection
	GlobalSection(ProjectConfigurationPlatforms) = postSolution
		{3C65400D-C28D-462E-BD71-53F80500175E}.Debug|Any CPU.ActiveCfg = Debug|Any CPU
		{3C65400D-C28D-462E-BD71-53F80500175E}.Debug|Any CPU.Build.0 = Debug|Any CPU
		{3C65400D-C28D-462E-BD71-53F80500175E}.Release|Any CPU.ActiveCfg = Release|Any CPU
		{3C65400D-C28D-462E-BD71-53F80500175E}.Release|Any CPU.Build.0 = Release|Any CPU
	EndGlobalSection
	GlobalSection(SolutionProperties) = preSolution
		HideSolutionNode = FALSE
	EndGlobalSection
	GlobalSection(ExtensibilityGlobals) = postSolution
		SolutionGuid = {3BCEEDA6-49C8-4C8E-83AE-C8592729B6BF}
	EndGlobalSection
EndGlobal
