
Microsoft Visual Studio Solution File, Format Version 12.00
# Visual Studio Version 17
VisualStudioVersion = 17.7.34221.43
MinimumVisualStudioVersion = 10.0.40219.1
Project("{FAE04EC0-301F-11D3-BF4B-00C04F79EFBC}") = "RTM Polygons from Array", "RTM Polygons from Array\RTM Polygons from Array.csproj", "{A8A4DA5F-71AE-4EFC-A98A-E57E56B4CA15}"
EndProject
Global
	GlobalSection(SolutionConfigurationPlatforms) = preSolution
		Debug|Any CPU = Debug|Any CPU
		Release|Any CPU = Release|Any CPU
	EndGlobalSection
	GlobalSection(ProjectConfigurationPlatforms) = postSolution
		{A8A4DA5F-71AE-4EFC-A98A-E57E56B4CA15}.Debug|Any CPU.ActiveCfg = Debug|Any CPU
		{A8A4DA5F-71AE-4EFC-A98A-E57E56B4CA15}.Debug|Any CPU.Build.0 = Debug|Any CPU
		{A8A4DA5F-71AE-4EFC-A98A-E57E56B4CA15}.Release|Any CPU.ActiveCfg = Release|Any CPU
		{A8A4DA5F-71AE-4EFC-A98A-E57E56B4CA15}.Release|Any CPU.Build.0 = Release|Any CPU
	EndGlobalSection
	GlobalSection(SolutionProperties) = preSolution
		HideSolutionNode = FALSE
	EndGlobalSection
	GlobalSection(ExtensibilityGlobals) = postSolution
		SolutionGuid = {F32F7F41-217B-47C5-890D-577F43990FF4}
	EndGlobalSection
EndGlobal
