
Microsoft Visual Studio Solution File, Format Version 12.00
# Visual Studio Version 17
VisualStudioVersion = 17.14.36511.14 d17.14
MinimumVisualStudioVersion = 10.0.40219.1
Project("{FAE04EC0-301F-11D3-BF4B-00C04F79EFBC}") = "RFC 7946 formats", "RFC 7946 formats\RFC 7946 formats.csproj", "{67112D90-7F3C-4C5F-9CB4-F51817AEBC9A}"
EndProject
Global
	GlobalSection(SolutionConfigurationPlatforms) = preSolution
		Debug|Any CPU = Debug|Any CPU
		Release|Any CPU = Release|Any CPU
	EndGlobalSection
	GlobalSection(ProjectConfigurationPlatforms) = postSolution
		{67112D90-7F3C-4C5F-9CB4-F51817AEBC9A}.Debug|Any CPU.ActiveCfg = Debug|Any CPU
		{67112D90-7F3C-4C5F-9CB4-F51817AEBC9A}.Debug|Any CPU.Build.0 = Debug|Any CPU
		{67112D90-7F3C-4C5F-9CB4-F51817AEBC9A}.Release|Any CPU.ActiveCfg = Release|Any CPU
		{67112D90-7F3C-4C5F-9CB4-F51817AEBC9A}.Release|Any CPU.Build.0 = Release|Any CPU
	EndGlobalSection
	GlobalSection(SolutionProperties) = preSolution
		HideSolutionNode = FALSE
	EndGlobalSection
	GlobalSection(ExtensibilityGlobals) = postSolution
		SolutionGuid = {8A1A79D8-DDAE-47D4-903A-9DF53B3DA405}
	EndGlobalSection
EndGlobal
