
Microsoft Visual Studio Solution File, Format Version 12.00
# Visual Studio Version 17
VisualStudioVersion = 17.14.36511.14 d17.14
MinimumVisualStudioVersion = 10.0.40219.1
Project("{FAE04EC0-301F-11D3-BF4B-00C04F79EFBC}") = "RFC 7946 Switch Symbol", "RFC 7946 Switch Symbol\RFC 7946 Switch Symbol.csproj", "{D57AC100-502B-471E-821B-F4CAAA3AD23F}"
EndProject
Global
	GlobalSection(SolutionConfigurationPlatforms) = preSolution
		Debug|Any CPU = Debug|Any CPU
		Release|Any CPU = Release|Any CPU
	EndGlobalSection
	GlobalSection(ProjectConfigurationPlatforms) = postSolution
		{D57AC100-502B-471E-821B-F4CAAA3AD23F}.Debug|Any CPU.ActiveCfg = Debug|Any CPU
		{D57AC100-502B-471E-821B-F4CAAA3AD23F}.Debug|Any CPU.Build.0 = Debug|Any CPU
		{D57AC100-502B-471E-821B-F4CAAA3AD23F}.Release|Any CPU.ActiveCfg = Release|Any CPU
		{D57AC100-502B-471E-821B-F4CAAA3AD23F}.Release|Any CPU.Build.0 = Release|Any CPU
	EndGlobalSection
	GlobalSection(SolutionProperties) = preSolution
		HideSolutionNode = FALSE
	EndGlobalSection
	GlobalSection(ExtensibilityGlobals) = postSolution
		SolutionGuid = {8E295270-74AD-4046-BF53-7AC17EFDF40C}
	EndGlobalSection
EndGlobal
