
Microsoft Visual Studio Solution File, Format Version 12.00
# Visual Studio Version 17
VisualStudioVersion = 17.10.34916.146
MinimumVisualStudioVersion = 10.0.40219.1
Project("{FAE04EC0-301F-11D3-BF4B-00C04F79EFBC}") = "Appearance switch case", "Appearance switch case\Appearance switch case.csproj", "{500A9A70-22A4-4614-A576-AE9AED15F160}"
EndProject
Global
	GlobalSection(SolutionConfigurationPlatforms) = preSolution
		Debug|Any CPU = Debug|Any CPU
		Release|Any CPU = Release|Any CPU
	EndGlobalSection
	GlobalSection(ProjectConfigurationPlatforms) = postSolution
		{500A9A70-22A4-4614-A576-AE9AED15F160}.Debug|Any CPU.ActiveCfg = Debug|Any CPU
		{500A9A70-22A4-4614-A576-AE9AED15F160}.Debug|Any CPU.Build.0 = Debug|Any CPU
		{500A9A70-22A4-4614-A576-AE9AED15F160}.Release|Any CPU.ActiveCfg = Release|Any CPU
		{500A9A70-22A4-4614-A576-AE9AED15F160}.Release|Any CPU.Build.0 = Release|Any CPU
	EndGlobalSection
	GlobalSection(SolutionProperties) = preSolution
		HideSolutionNode = FALSE
	EndGlobalSection
	GlobalSection(ExtensibilityGlobals) = postSolution
		SolutionGuid = {372633EA-3F24-40CC-94A7-CCE3658C3F92}
	EndGlobalSection
EndGlobal
