
Microsoft Visual Studio Solution File, Format Version 12.00
# Visual Studio Version 17
VisualStudioVersion = 17.10.34916.146
MinimumVisualStudioVersion = 10.0.40219.1
Project("{FAE04EC0-301F-11D3-BF4B-00C04F79EFBC}") = "configuring", "configuring\configuring.csproj", "{5569F579-DD81-4DA3-B730-826D4F2794EC}"
EndProject
Global
	GlobalSection(SolutionConfigurationPlatforms) = preSolution
		Debug|Any CPU = Debug|Any CPU
		Release|Any CPU = Release|Any CPU
	EndGlobalSection
	GlobalSection(ProjectConfigurationPlatforms) = postSolution
		{5569F579-DD81-4DA3-B730-826D4F2794EC}.Debug|Any CPU.ActiveCfg = Debug|Any CPU
		{5569F579-DD81-4DA3-B730-826D4F2794EC}.Debug|Any CPU.Build.0 = Debug|Any CPU
		{5569F579-DD81-4DA3-B730-826D4F2794EC}.Release|Any CPU.ActiveCfg = Release|Any CPU
		{5569F579-DD81-4DA3-B730-826D4F2794EC}.Release|Any CPU.Build.0 = Release|Any CPU
	EndGlobalSection
	GlobalSection(SolutionProperties) = preSolution
		HideSolutionNode = FALSE
	EndGlobalSection
	GlobalSection(ExtensibilityGlobals) = postSolution
		SolutionGuid = {1A4C8DC2-5672-4411-ACC4-8FD5EB1269A8}
	EndGlobalSection
EndGlobal
