
Microsoft Visual Studio Solution File, Format Version 12.00
# Visual Studio Version 17
VisualStudioVersion = 17.14.36811.4 d17.14
MinimumVisualStudioVersion = 10.0.40219.1
Project("{FAE04EC0-301F-11D3-BF4B-00C04F79EFBC}") = "QuartersCharts", "QuartersCharts\QuartersCharts.csproj", "{F41658C7-1419-4FDC-8906-8D2D99FF9656}"
EndProject
Global
	GlobalSection(SolutionConfigurationPlatforms) = preSolution
		Debug|Any CPU = Debug|Any CPU
		Release|Any CPU = Release|Any CPU
	EndGlobalSection
	GlobalSection(ProjectConfigurationPlatforms) = postSolution
		{F41658C7-1419-4FDC-8906-8D2D99FF9656}.Debug|Any CPU.ActiveCfg = Debug|Any CPU
		{F41658C7-1419-4FDC-8906-8D2D99FF9656}.Debug|Any CPU.Build.0 = Debug|Any CPU
		{F41658C7-1419-4FDC-8906-8D2D99FF9656}.Release|Any CPU.ActiveCfg = Release|Any CPU
		{F41658C7-1419-4FDC-8906-8D2D99FF9656}.Release|Any CPU.Build.0 = Release|Any CPU
	EndGlobalSection
	GlobalSection(SolutionProperties) = preSolution
		HideSolutionNode = FALSE
	EndGlobalSection
	GlobalSection(ExtensibilityGlobals) = postSolution
		SolutionGuid = {0356D561-7592-4448-8F37-71FDBE2DBABB}
	EndGlobalSection
EndGlobal
