
Microsoft Visual Studio Solution File, Format Version 12.00
# Visual Studio Version 17
VisualStudioVersion = 17.14.36811.4 d17.14
MinimumVisualStudioVersion = 10.0.40219.1
Project("{FAE04EC0-301F-11D3-BF4B-00C04F79EFBC}") = "OnClick", "OnClick\OnClick.csproj", "{A36A68B5-F35C-4611-AF63-27D4C3F9FD61}"
EndProject
Global
	GlobalSection(SolutionConfigurationPlatforms) = preSolution
		Debug|Any CPU = Debug|Any CPU
		Release|Any CPU = Release|Any CPU
	EndGlobalSection
	GlobalSection(ProjectConfigurationPlatforms) = postSolution
		{A36A68B5-F35C-4611-AF63-27D4C3F9FD61}.Debug|Any CPU.ActiveCfg = Debug|Any CPU
		{A36A68B5-F35C-4611-AF63-27D4C3F9FD61}.Debug|Any CPU.Build.0 = Debug|Any CPU
		{A36A68B5-F35C-4611-AF63-27D4C3F9FD61}.Release|Any CPU.ActiveCfg = Release|Any CPU
		{A36A68B5-F35C-4611-AF63-27D4C3F9FD61}.Release|Any CPU.Build.0 = Release|Any CPU
	EndGlobalSection
	GlobalSection(SolutionProperties) = preSolution
		HideSolutionNode = FALSE
	EndGlobalSection
	GlobalSection(ExtensibilityGlobals) = postSolution
		SolutionGuid = {0A0E1BB5-0D30-4648-8DFE-A372223F77AD}
	EndGlobalSection
EndGlobal
