
Microsoft Visual Studio Solution File, Format Version 12.00
# Visual Studio Version 17
VisualStudioVersion = 17.10.34916.146
MinimumVisualStudioVersion = 10.0.40219.1
Project("{FAE04EC0-301F-11D3-BF4B-00C04F79EFBC}") = "clustering & moveTo", "clustering & moveTo\clustering & moveTo.csproj", "{C18DF6A4-CB1C-470F-98CC-08CFF60B1BCC}"
EndProject
Global
	GlobalSection(SolutionConfigurationPlatforms) = preSolution
		Debug|Any CPU = Debug|Any CPU
		Release|Any CPU = Release|Any CPU
	EndGlobalSection
	GlobalSection(ProjectConfigurationPlatforms) = postSolution
		{C18DF6A4-CB1C-470F-98CC-08CFF60B1BCC}.Debug|Any CPU.ActiveCfg = Debug|Any CPU
		{C18DF6A4-CB1C-470F-98CC-08CFF60B1BCC}.Debug|Any CPU.Build.0 = Debug|Any CPU
		{C18DF6A4-CB1C-470F-98CC-08CFF60B1BCC}.Release|Any CPU.ActiveCfg = Release|Any CPU
		{C18DF6A4-CB1C-470F-98CC-08CFF60B1BCC}.Release|Any CPU.Build.0 = Release|Any CPU
	EndGlobalSection
	GlobalSection(SolutionProperties) = preSolution
		HideSolutionNode = FALSE
	EndGlobalSection
	GlobalSection(ExtensibilityGlobals) = postSolution
		SolutionGuid = {0F31C1E1-6DC1-49AF-B79D-BCDB1E03CF3D}
	EndGlobalSection
EndGlobal
