
Microsoft Visual Studio Solution File, Format Version 12.00
# Visual Studio Version 17
VisualStudioVersion = 17.14.36811.4 d17.14
MinimumVisualStudioVersion = 10.0.40219.1
Project("{FAE04EC0-301F-11D3-BF4B-00C04F79EFBC}") = "Map", "Map\Map.csproj", "{5E13A3CE-AEEE-406D-BDBA-7B62DACB82E3}"
EndProject
Global
	GlobalSection(SolutionConfigurationPlatforms) = preSolution
		Debug|Any CPU = Debug|Any CPU
		Release|Any CPU = Release|Any CPU
	EndGlobalSection
	GlobalSection(ProjectConfigurationPlatforms) = postSolution
		{5E13A3CE-AEEE-406D-BDBA-7B62DACB82E3}.Debug|Any CPU.ActiveCfg = Debug|Any CPU
		{5E13A3CE-AEEE-406D-BDBA-7B62DACB82E3}.Debug|Any CPU.Build.0 = Debug|Any CPU
		{5E13A3CE-AEEE-406D-BDBA-7B62DACB82E3}.Release|Any CPU.ActiveCfg = Release|Any CPU
		{5E13A3CE-AEEE-406D-BDBA-7B62DACB82E3}.Release|Any CPU.Build.0 = Release|Any CPU
	EndGlobalSection
	GlobalSection(SolutionProperties) = preSolution
		HideSolutionNode = FALSE
	EndGlobalSection
	GlobalSection(ExtensibilityGlobals) = postSolution
		SolutionGuid = {39D69F37-EB85-4EFC-8650-582880554E99}
	EndGlobalSection
EndGlobal
