
Microsoft Visual Studio Solution File, Format Version 12.00
# Visual Studio Version 17
VisualStudioVersion = 17.10.34916.146
MinimumVisualStudioVersion = 10.0.40219.1
Project("{FAE04EC0-301F-11D3-BF4B-00C04F79EFBC}") = "Click and Query StreamPoint collection", "Click and Query StreamPoint collection\Click and Query StreamPoint collection.csproj", "{666DD0C5-EDCA-49AF-A1AE-2321D759678B}"
EndProject
Global
	GlobalSection(SolutionConfigurationPlatforms) = preSolution
		Debug|Any CPU = Debug|Any CPU
		Release|Any CPU = Release|Any CPU
	EndGlobalSection
	GlobalSection(ProjectConfigurationPlatforms) = postSolution
		{666DD0C5-EDCA-49AF-A1AE-2321D759678B}.Debug|Any CPU.ActiveCfg = Debug|Any CPU
		{666DD0C5-EDCA-49AF-A1AE-2321D759678B}.Debug|Any CPU.Build.0 = Debug|Any CPU
		{666DD0C5-EDCA-49AF-A1AE-2321D759678B}.Release|Any CPU.ActiveCfg = Release|Any CPU
		{666DD0C5-EDCA-49AF-A1AE-2321D759678B}.Release|Any CPU.Build.0 = Release|Any CPU
	EndGlobalSection
	GlobalSection(SolutionProperties) = preSolution
		HideSolutionNode = FALSE
	EndGlobalSection
	GlobalSection(ExtensibilityGlobals) = postSolution
		SolutionGuid = {B9096297-A13F-431E-9320-0B4377618DD3}
	EndGlobalSection
EndGlobal
