
Microsoft Visual Studio Solution File, Format Version 12.00
# Visual Studio Version 17
VisualStudioVersion = 17.14.36511.14 d17.14
MinimumVisualStudioVersion = 10.0.40219.1
Project("{FAE04EC0-301F-11D3-BF4B-00C04F79EFBC}") = "Rotate Icon", "Rotate Icon\Rotate Icon.csproj", "{7474177D-C38D-4BCC-BA41-1C617AA40212}"
EndProject
Global
	GlobalSection(SolutionConfigurationPlatforms) = preSolution
		Debug|Any CPU = Debug|Any CPU
		Release|Any CPU = Release|Any CPU
	EndGlobalSection
	GlobalSection(ProjectConfigurationPlatforms) = postSolution
		{7474177D-C38D-4BCC-BA41-1C617AA40212}.Debug|Any CPU.ActiveCfg = Debug|Any CPU
		{7474177D-C38D-4BCC-BA41-1C617AA40212}.Debug|Any CPU.Build.0 = Debug|Any CPU
		{7474177D-C38D-4BCC-BA41-1C617AA40212}.Release|Any CPU.ActiveCfg = Release|Any CPU
		{7474177D-C38D-4BCC-BA41-1C617AA40212}.Release|Any CPU.Build.0 = Release|Any CPU
	EndGlobalSection
	GlobalSection(SolutionProperties) = preSolution
		HideSolutionNode = FALSE
	EndGlobalSection
	GlobalSection(ExtensibilityGlobals) = postSolution
		SolutionGuid = {1C026659-53A8-4C50-9E77-A14FEA868BE0}
	EndGlobalSection
EndGlobal
