
Microsoft Visual Studio Solution File, Format Version 12.00
# Visual Studio Version 17
VisualStudioVersion = 17.14.36811.4 d17.14
MinimumVisualStudioVersion = 10.0.40219.1
Project("{FAE04EC0-301F-11D3-BF4B-00C04F79EFBC}") = "Combined Chart", "Combined Chart\Combined Chart.csproj", "{E6FDB698-0E80-4371-8096-0C7B464A1F6E}"
EndProject
Global
	GlobalSection(SolutionConfigurationPlatforms) = preSolution
		Debug|Any CPU = Debug|Any CPU
		Release|Any CPU = Release|Any CPU
	EndGlobalSection
	GlobalSection(ProjectConfigurationPlatforms) = postSolution
		{E6FDB698-0E80-4371-8096-0C7B464A1F6E}.Debug|Any CPU.ActiveCfg = Debug|Any CPU
		{E6FDB698-0E80-4371-8096-0C7B464A1F6E}.Debug|Any CPU.Build.0 = Debug|Any CPU
		{E6FDB698-0E80-4371-8096-0C7B464A1F6E}.Release|Any CPU.ActiveCfg = Release|Any CPU
		{E6FDB698-0E80-4371-8096-0C7B464A1F6E}.Release|Any CPU.Build.0 = Release|Any CPU
	EndGlobalSection
	GlobalSection(SolutionProperties) = preSolution
		HideSolutionNode = FALSE
	EndGlobalSection
	GlobalSection(ExtensibilityGlobals) = postSolution
		SolutionGuid = {6BDE7A54-705F-46DB-A170-D85B14F68FB2}
	EndGlobalSection
EndGlobal
