
Microsoft Visual Studio Solution File, Format Version 12.00
# Visual Studio Version 17
VisualStudioVersion = 17.10.34916.146
MinimumVisualStudioVersion = 10.0.40219.1
Project("{FAE04EC0-301F-11D3-BF4B-00C04F79EFBC}") = "add StreamPoint on click", "add StreamPoint on click\add StreamPoint on click.csproj", "{FD17D022-4E52-4C1A-8062-3B058E8EB1FF}"
EndProject
Global
	GlobalSection(SolutionConfigurationPlatforms) = preSolution
		Debug|Any CPU = Debug|Any CPU
		Release|Any CPU = Release|Any CPU
	EndGlobalSection
	GlobalSection(ProjectConfigurationPlatforms) = postSolution
		{FD17D022-4E52-4C1A-8062-3B058E8EB1FF}.Debug|Any CPU.ActiveCfg = Debug|Any CPU
		{FD17D022-4E52-4C1A-8062-3B058E8EB1FF}.Debug|Any CPU.Build.0 = Debug|Any CPU
		{FD17D022-4E52-4C1A-8062-3B058E8EB1FF}.Release|Any CPU.ActiveCfg = Release|Any CPU
		{FD17D022-4E52-4C1A-8062-3B058E8EB1FF}.Release|Any CPU.Build.0 = Release|Any CPU
	EndGlobalSection
	GlobalSection(SolutionProperties) = preSolution
		HideSolutionNode = FALSE
	EndGlobalSection
	GlobalSection(ExtensibilityGlobals) = postSolution
		SolutionGuid = {0A7573ED-CCB2-4E5C-9A05-11F354C9B39B}
	EndGlobalSection
EndGlobal
