
Microsoft Visual Studio Solution File, Format Version 12.00
# Visual Studio Version 17
VisualStudioVersion = 17.14.36811.4 d17.14
MinimumVisualStudioVersion = 10.0.40219.1
Project("{FAE04EC0-301F-11D3-BF4B-00C04F79EFBC}") = "Basemaps", "Basemaps\Basemaps.csproj", "{3B770CB2-FE06-41A3-9571-43C6AA65D161}"
EndProject
Global
	GlobalSection(SolutionConfigurationPlatforms) = preSolution
		Debug|Any CPU = Debug|Any CPU
		Release|Any CPU = Release|Any CPU
	EndGlobalSection
	GlobalSection(ProjectConfigurationPlatforms) = postSolution
		{3B770CB2-FE06-41A3-9571-43C6AA65D161}.Debug|Any CPU.ActiveCfg = Debug|Any CPU
		{3B770CB2-FE06-41A3-9571-43C6AA65D161}.Debug|Any CPU.Build.0 = Debug|Any CPU
		{3B770CB2-FE06-41A3-9571-43C6AA65D161}.Release|Any CPU.ActiveCfg = Release|Any CPU
		{3B770CB2-FE06-41A3-9571-43C6AA65D161}.Release|Any CPU.Build.0 = Release|Any CPU
	EndGlobalSection
	GlobalSection(SolutionProperties) = preSolution
		HideSolutionNode = FALSE
	EndGlobalSection
	GlobalSection(ExtensibilityGlobals) = postSolution
		SolutionGuid = {04B936FB-C653-4A6A-96A9-1CAA54AF9477}
	EndGlobalSection
EndGlobal
