
Microsoft Visual Studio Solution File, Format Version 12.00
# Visual Studio Version 17
VisualStudioVersion = 17.7.34221.43
MinimumVisualStudioVersion = 10.0.40219.1
Project("{FAE04EC0-301F-11D3-BF4B-00C04F79EFBC}") = "RealTimeMap Geometric.Points Appearance", "RealTimeMap Geometric.Points Appearance\RealTimeMap Geometric.Points Appearance.csproj", "{48A6BE04-6868-49B3-823A-B40D3F955C2C}"
EndProject
Global
	GlobalSection(SolutionConfigurationPlatforms) = preSolution
		Debug|Any CPU = Debug|Any CPU
		Release|Any CPU = Release|Any CPU
	EndGlobalSection
	GlobalSection(ProjectConfigurationPlatforms) = postSolution
		{48A6BE04-6868-49B3-823A-B40D3F955C2C}.Debug|Any CPU.ActiveCfg = Debug|Any CPU
		{48A6BE04-6868-49B3-823A-B40D3F955C2C}.Debug|Any CPU.Build.0 = Debug|Any CPU
		{48A6BE04-6868-49B3-823A-B40D3F955C2C}.Release|Any CPU.ActiveCfg = Release|Any CPU
		{48A6BE04-6868-49B3-823A-B40D3F955C2C}.Release|Any CPU.Build.0 = Release|Any CPU
	EndGlobalSection
	GlobalSection(SolutionProperties) = preSolution
		HideSolutionNode = FALSE
	EndGlobalSection
	GlobalSection(ExtensibilityGlobals) = postSolution
		SolutionGuid = {CC984A69-EDA5-4AC4-9A2E-3DEEC1667B75}
	EndGlobalSection
EndGlobal
