
Microsoft Visual Studio Solution File, Format Version 12.00
# Visual Studio Version 17
VisualStudioVersion = 17.5.33209.295
MinimumVisualStudioVersion = 10.0.40219.1
Project("{FAE04EC0-301F-11D3-BF4B-00C04F79EFBC}") = "Map Scale", "Map Scale\Map Scale.csproj", "{528E2D5C-1994-4F2A-9A5D-48E1A7E71F8F}"
EndProject
Global
	GlobalSection(SolutionConfigurationPlatforms) = preSolution
		Debug|Any CPU = Debug|Any CPU
		Release|Any CPU = Release|Any CPU
	EndGlobalSection
	GlobalSection(ProjectConfigurationPlatforms) = postSolution
		{528E2D5C-1994-4F2A-9A5D-48E1A7E71F8F}.Debug|Any CPU.ActiveCfg = Debug|Any CPU
		{528E2D5C-1994-4F2A-9A5D-48E1A7E71F8F}.Debug|Any CPU.Build.0 = Debug|Any CPU
		{528E2D5C-1994-4F2A-9A5D-48E1A7E71F8F}.Release|Any CPU.ActiveCfg = Release|Any CPU
		{528E2D5C-1994-4F2A-9A5D-48E1A7E71F8F}.Release|Any CPU.Build.0 = Release|Any CPU
	EndGlobalSection
	GlobalSection(SolutionProperties) = preSolution
		HideSolutionNode = FALSE
	EndGlobalSection
	GlobalSection(ExtensibilityGlobals) = postSolution
		SolutionGuid = {D1BE4A3B-D3E2-4F49-B6A3-7145B0505AC1}
	EndGlobalSection
EndGlobal
