
Microsoft Visual Studio Solution File, Format Version 12.00
# Visual Studio Version 17
VisualStudioVersion = 17.10.34916.146
MinimumVisualStudioVersion = 10.0.40219.1
Project("{FAE04EC0-301F-11D3-BF4B-00C04F79EFBC}") = "Map Attribution", "Map Attribution\Map Attribution.csproj", "{DE59FD81-5AFB-4B44-AE65-A2FA7F48D763}"
EndProject
Global
	GlobalSection(SolutionConfigurationPlatforms) = preSolution
		Debug|Any CPU = Debug|Any CPU
		Release|Any CPU = Release|Any CPU
	EndGlobalSection
	GlobalSection(ProjectConfigurationPlatforms) = postSolution
		{DE59FD81-5AFB-4B44-AE65-A2FA7F48D763}.Debug|Any CPU.ActiveCfg = Debug|Any CPU
		{DE59FD81-5AFB-4B44-AE65-A2FA7F48D763}.Debug|Any CPU.Build.0 = Debug|Any CPU
		{DE59FD81-5AFB-4B44-AE65-A2FA7F48D763}.Release|Any CPU.ActiveCfg = Release|Any CPU
		{DE59FD81-5AFB-4B44-AE65-A2FA7F48D763}.Release|Any CPU.Build.0 = Release|Any CPU
	EndGlobalSection
	GlobalSection(SolutionProperties) = preSolution
		HideSolutionNode = FALSE
	EndGlobalSection
	GlobalSection(ExtensibilityGlobals) = postSolution
		SolutionGuid = {436EEEFD-FC27-4438-8BF1-8EFD7FD38F7D}
	EndGlobalSection
EndGlobal
