
Microsoft Visual Studio Solution File, Format Version 12.00
# Visual Studio Version 17
VisualStudioVersion = 17.5.33209.295
MinimumVisualStudioVersion = 10.0.40219.1
Project("{FAE04EC0-301F-11D3-BF4B-00C04F79EFBC}") = "AddMapToBlazorPage", "AddMapToBlazorPage\AddMapToBlazorPage.csproj", "{DFB921C7-1AC6-404B-A681-76117F4A5687}"
EndProject
Global
	GlobalSection(SolutionConfigurationPlatforms) = preSolution
		Debug|Any CPU = Debug|Any CPU
		Release|Any CPU = Release|Any CPU
	EndGlobalSection
	GlobalSection(ProjectConfigurationPlatforms) = postSolution
		{DFB921C7-1AC6-404B-A681-76117F4A5687}.Debug|Any CPU.ActiveCfg = Debug|Any CPU
		{DFB921C7-1AC6-404B-A681-76117F4A5687}.Debug|Any CPU.Build.0 = Debug|Any CPU
		{DFB921C7-1AC6-404B-A681-76117F4A5687}.Release|Any CPU.ActiveCfg = Release|Any CPU
		{DFB921C7-1AC6-404B-A681-76117F4A5687}.Release|Any CPU.Build.0 = Release|Any CPU
	EndGlobalSection
	GlobalSection(SolutionProperties) = preSolution
		HideSolutionNode = FALSE
	EndGlobalSection
	GlobalSection(ExtensibilityGlobals) = postSolution
		SolutionGuid = {722EDF76-3F7A-4399-B166-F62955B02F20}
	EndGlobalSection
EndGlobal
