
Microsoft Visual Studio Solution File, Format Version 12.00
# Visual Studio Version 17
VisualStudioVersion = 17.14.36511.14 d17.14
MinimumVisualStudioVersion = 10.0.40219.1
Project("{FAE04EC0-301F-11D3-BF4B-00C04F79EFBC}") = "Working with Style", "Working with Style\Working with Style.csproj", "{2D63B521-FF46-41C8-A1F8-63B8C70342BA}"
EndProject
Global
	GlobalSection(SolutionConfigurationPlatforms) = preSolution
		Debug|Any CPU = Debug|Any CPU
		Release|Any CPU = Release|Any CPU
	EndGlobalSection
	GlobalSection(ProjectConfigurationPlatforms) = postSolution
		{2D63B521-FF46-41C8-A1F8-63B8C70342BA}.Debug|Any CPU.ActiveCfg = Debug|Any CPU
		{2D63B521-FF46-41C8-A1F8-63B8C70342BA}.Debug|Any CPU.Build.0 = Debug|Any CPU
		{2D63B521-FF46-41C8-A1F8-63B8C70342BA}.Release|Any CPU.ActiveCfg = Release|Any CPU
		{2D63B521-FF46-41C8-A1F8-63B8C70342BA}.Release|Any CPU.Build.0 = Release|Any CPU
	EndGlobalSection
	GlobalSection(SolutionProperties) = preSolution
		HideSolutionNode = FALSE
	EndGlobalSection
	GlobalSection(ExtensibilityGlobals) = postSolution
		SolutionGuid = {CB360E88-0970-47ED-BBEF-1EDDBE9A32CE}
	EndGlobalSection
EndGlobal
