
Microsoft Visual Studio Solution File, Format Version 12.00
# Visual Studio Version 17
VisualStudioVersion = 17.7.34221.43
MinimumVisualStudioVersion = 10.0.40219.1
Project("{FAE04EC0-301F-11D3-BF4B-00C04F79EFBC}") = "RTM Points Tooltips", "RTM Points Tooltips\RTM Points Tooltips.csproj", "{B27A64A2-975C-46AA-911E-A60F21D41800}"
EndProject
Global
	GlobalSection(SolutionConfigurationPlatforms) = preSolution
		Debug|Any CPU = Debug|Any CPU
		Release|Any CPU = Release|Any CPU
	EndGlobalSection
	GlobalSection(ProjectConfigurationPlatforms) = postSolution
		{B27A64A2-975C-46AA-911E-A60F21D41800}.Debug|Any CPU.ActiveCfg = Debug|Any CPU
		{B27A64A2-975C-46AA-911E-A60F21D41800}.Debug|Any CPU.Build.0 = Debug|Any CPU
		{B27A64A2-975C-46AA-911E-A60F21D41800}.Release|Any CPU.ActiveCfg = Release|Any CPU
		{B27A64A2-975C-46AA-911E-A60F21D41800}.Release|Any CPU.Build.0 = Release|Any CPU
	EndGlobalSection
	GlobalSection(SolutionProperties) = preSolution
		HideSolutionNode = FALSE
	EndGlobalSection
	GlobalSection(ExtensibilityGlobals) = postSolution
		SolutionGuid = {D0261369-7960-4999-BCD6-3C1C920A92BA}
	EndGlobalSection
EndGlobal
