
Microsoft Visual Studio Solution File, Format Version 12.00
# Visual Studio Version 17
VisualStudioVersion = 17.14.36511.14 d17.14
MinimumVisualStudioVersion = 10.0.40219.1
Project("{FAE04EC0-301F-11D3-BF4B-00C04F79EFBC}") = "Tooltpis & Pie Chart", "Tooltpis & Pie Chart\Tooltpis & Pie Chart.csproj", "{A3BE6062-5A43-46F3-9E29-CB3D8C7987D5}"
EndProject
Global
	GlobalSection(SolutionConfigurationPlatforms) = preSolution
		Debug|Any CPU = Debug|Any CPU
		Release|Any CPU = Release|Any CPU
	EndGlobalSection
	GlobalSection(ProjectConfigurationPlatforms) = postSolution
		{A3BE6062-5A43-46F3-9E29-CB3D8C7987D5}.Debug|Any CPU.ActiveCfg = Debug|Any CPU
		{A3BE6062-5A43-46F3-9E29-CB3D8C7987D5}.Debug|Any CPU.Build.0 = Debug|Any CPU
		{A3BE6062-5A43-46F3-9E29-CB3D8C7987D5}.Release|Any CPU.ActiveCfg = Release|Any CPU
		{A3BE6062-5A43-46F3-9E29-CB3D8C7987D5}.Release|Any CPU.Build.0 = Release|Any CPU
	EndGlobalSection
	GlobalSection(SolutionProperties) = preSolution
		HideSolutionNode = FALSE
	EndGlobalSection
	GlobalSection(ExtensibilityGlobals) = postSolution
		SolutionGuid = {C5A43638-4065-4323-9D1D-0C2B73EA2B78}
	EndGlobalSection
EndGlobal
