
Microsoft Visual Studio Solution File, Format Version 12.00
# Visual Studio Version 17
VisualStudioVersion = 17.14.36811.4 d17.14
MinimumVisualStudioVersion = 10.0.40219.1
Project("{FAE04EC0-301F-11D3-BF4B-00C04F79EFBC}") = "FixedExtent", "FixedExtent\FixedExtent.csproj", "{C5477E7D-99EC-47BE-A14A-13C4D3DFDDE7}"
EndProject
Global
	GlobalSection(SolutionConfigurationPlatforms) = preSolution
		Debug|Any CPU = Debug|Any CPU
		Release|Any CPU = Release|Any CPU
	EndGlobalSection
	GlobalSection(ProjectConfigurationPlatforms) = postSolution
		{C5477E7D-99EC-47BE-A14A-13C4D3DFDDE7}.Debug|Any CPU.ActiveCfg = Debug|Any CPU
		{C5477E7D-99EC-47BE-A14A-13C4D3DFDDE7}.Debug|Any CPU.Build.0 = Debug|Any CPU
		{C5477E7D-99EC-47BE-A14A-13C4D3DFDDE7}.Release|Any CPU.ActiveCfg = Release|Any CPU
		{C5477E7D-99EC-47BE-A14A-13C4D3DFDDE7}.Release|Any CPU.Build.0 = Release|Any CPU
	EndGlobalSection
	GlobalSection(SolutionProperties) = preSolution
		HideSolutionNode = FALSE
	EndGlobalSection
	GlobalSection(ExtensibilityGlobals) = postSolution
		SolutionGuid = {D3F51557-F02E-4985-9327-F37F866CAB75}
	EndGlobalSection
EndGlobal
