
Microsoft Visual Studio Solution File, Format Version 12.00
# Visual Studio Version 17
VisualStudioVersion = 17.10.34916.146
MinimumVisualStudioVersion = 10.0.40219.1
Project("{FAE04EC0-301F-11D3-BF4B-00C04F79EFBC}") = "config tooltip from file", "config tooltip from file\config tooltip from file.csproj", "{5A1917AE-118C-49B9-90A4-0A00F78E4201}"
EndProject
Global
	GlobalSection(SolutionConfigurationPlatforms) = preSolution
		Debug|Any CPU = Debug|Any CPU
		Release|Any CPU = Release|Any CPU
	EndGlobalSection
	GlobalSection(ProjectConfigurationPlatforms) = postSolution
		{5A1917AE-118C-49B9-90A4-0A00F78E4201}.Debug|Any CPU.ActiveCfg = Debug|Any CPU
		{5A1917AE-118C-49B9-90A4-0A00F78E4201}.Debug|Any CPU.Build.0 = Debug|Any CPU
		{5A1917AE-118C-49B9-90A4-0A00F78E4201}.Release|Any CPU.ActiveCfg = Release|Any CPU
		{5A1917AE-118C-49B9-90A4-0A00F78E4201}.Release|Any CPU.Build.0 = Release|Any CPU
	EndGlobalSection
	GlobalSection(SolutionProperties) = preSolution
		HideSolutionNode = FALSE
	EndGlobalSection
	GlobalSection(ExtensibilityGlobals) = postSolution
		SolutionGuid = {D857E49F-B42B-45F5-98A8-6DFBF84B0902}
	EndGlobalSection
EndGlobal
