
Microsoft Visual Studio Solution File, Format Version 12.00
# Visual Studio Version 17
VisualStudioVersion = 17.14.36811.4 d17.14
MinimumVisualStudioVersion = 10.0.40219.1
Project("{FAE04EC0-301F-11D3-BF4B-00C04F79EFBC}") = "SVG", "SVG\SVG.csproj", "{905778B6-5E3F-4268-8505-99F9E6AF09CC}"
EndProject
Global
	GlobalSection(SolutionConfigurationPlatforms) = preSolution
		Debug|Any CPU = Debug|Any CPU
		Release|Any CPU = Release|Any CPU
	EndGlobalSection
	GlobalSection(ProjectConfigurationPlatforms) = postSolution
		{905778B6-5E3F-4268-8505-99F9E6AF09CC}.Debug|Any CPU.ActiveCfg = Debug|Any CPU
		{905778B6-5E3F-4268-8505-99F9E6AF09CC}.Debug|Any CPU.Build.0 = Debug|Any CPU
		{905778B6-5E3F-4268-8505-99F9E6AF09CC}.Release|Any CPU.ActiveCfg = Release|Any CPU
		{905778B6-5E3F-4268-8505-99F9E6AF09CC}.Release|Any CPU.Build.0 = Release|Any CPU
	EndGlobalSection
	GlobalSection(SolutionProperties) = preSolution
		HideSolutionNode = FALSE
	EndGlobalSection
	GlobalSection(ExtensibilityGlobals) = postSolution
		SolutionGuid = {1E7695D6-D3EB-44B2-8890-3C1165085028}
	EndGlobalSection
EndGlobal
