
Microsoft Visual Studio Solution File, Format Version 12.00
# Visual Studio Version 17
VisualStudioVersion = 17.14.36811.4 d17.14
MinimumVisualStudioVersion = 10.0.40219.1
Project("{FAE04EC0-301F-11D3-BF4B-00C04F79EFBC}") = "Working with CSS", "Working with CSS\Working with CSS.csproj", "{8A8534D7-2212-4C13-8373-E5F0CB661F53}"
EndProject
Global
	GlobalSection(SolutionConfigurationPlatforms) = preSolution
		Debug|Any CPU = Debug|Any CPU
		Release|Any CPU = Release|Any CPU
	EndGlobalSection
	GlobalSection(ProjectConfigurationPlatforms) = postSolution
		{8A8534D7-2212-4C13-8373-E5F0CB661F53}.Debug|Any CPU.ActiveCfg = Debug|Any CPU
		{8A8534D7-2212-4C13-8373-E5F0CB661F53}.Debug|Any CPU.Build.0 = Debug|Any CPU
		{8A8534D7-2212-4C13-8373-E5F0CB661F53}.Release|Any CPU.ActiveCfg = Release|Any CPU
		{8A8534D7-2212-4C13-8373-E5F0CB661F53}.Release|Any CPU.Build.0 = Release|Any CPU
	EndGlobalSection
	GlobalSection(SolutionProperties) = preSolution
		HideSolutionNode = FALSE
	EndGlobalSection
	GlobalSection(ExtensibilityGlobals) = postSolution
		SolutionGuid = {75D3F8FB-A60B-4E76-BB27-B446E661CACE}
	EndGlobalSection
EndGlobal
