
Microsoft Visual Studio Solution File, Format Version 12.00
# Visual Studio Version 17
VisualStudioVersion = 17.14.36811.4 d17.14
MinimumVisualStudioVersion = 10.0.40219.1
Project("{FAE04EC0-301F-11D3-BF4B-00C04F79EFBC}") = "QuarterGaugeScaleAndPercentChart", "QuarterGaugeScaleAndPercentChart\QuarterGaugeScaleAndPercentChart.csproj", "{22FD9AF2-8812-405D-AE2A-639CA1DE05E5}"
EndProject
Global
	GlobalSection(SolutionConfigurationPlatforms) = preSolution
		Debug|Any CPU = Debug|Any CPU
		Release|Any CPU = Release|Any CPU
	EndGlobalSection
	GlobalSection(ProjectConfigurationPlatforms) = postSolution
		{22FD9AF2-8812-405D-AE2A-639CA1DE05E5}.Debug|Any CPU.ActiveCfg = Debug|Any CPU
		{22FD9AF2-8812-405D-AE2A-639CA1DE05E5}.Debug|Any CPU.Build.0 = Debug|Any CPU
		{22FD9AF2-8812-405D-AE2A-639CA1DE05E5}.Release|Any CPU.ActiveCfg = Release|Any CPU
		{22FD9AF2-8812-405D-AE2A-639CA1DE05E5}.Release|Any CPU.Build.0 = Release|Any CPU
	EndGlobalSection
	GlobalSection(SolutionProperties) = preSolution
		HideSolutionNode = FALSE
	EndGlobalSection
	GlobalSection(ExtensibilityGlobals) = postSolution
		SolutionGuid = {605B24AD-79AB-4ECC-A8CA-FE778F146AC7}
	EndGlobalSection
EndGlobal
