
Microsoft Visual Studio Solution File, Format Version 12.00
# Visual Studio Version 17
VisualStudioVersion = 17.5.33209.295
MinimumVisualStudioVersion = 10.0.40219.1
Project("{FAE04EC0-301F-11D3-BF4B-00C04F79EFBC}") = "Images overlay on map", "Images overlay on map\Images overlay on map.csproj", "{D1F6E5CB-17BD-4C88-BDFE-8AAAC2F8F089}"
EndProject
Global
	GlobalSection(SolutionConfigurationPlatforms) = preSolution
		Debug|Any CPU = Debug|Any CPU
		Release|Any CPU = Release|Any CPU
	EndGlobalSection
	GlobalSection(ProjectConfigurationPlatforms) = postSolution
		{D1F6E5CB-17BD-4C88-BDFE-8AAAC2F8F089}.Debug|Any CPU.ActiveCfg = Debug|Any CPU
		{D1F6E5CB-17BD-4C88-BDFE-8AAAC2F8F089}.Debug|Any CPU.Build.0 = Debug|Any CPU
		{D1F6E5CB-17BD-4C88-BDFE-8AAAC2F8F089}.Release|Any CPU.ActiveCfg = Release|Any CPU
		{D1F6E5CB-17BD-4C88-BDFE-8AAAC2F8F089}.Release|Any CPU.Build.0 = Release|Any CPU
	EndGlobalSection
	GlobalSection(SolutionProperties) = preSolution
		HideSolutionNode = FALSE
	EndGlobalSection
	GlobalSection(ExtensibilityGlobals) = postSolution
		SolutionGuid = {C94AF979-F548-42FB-809C-198A96C1F4A2}
	EndGlobalSection
EndGlobal
